
Microsoft Visual Studio Solution File, Format Version 12.00
# Visual Studio Version 18
VisualStudioVersion = 18.8.12009.203 stable
MinimumVisualStudioVersion = 10.0.40219.1
Project("{FAE04EC0-301F-11D3-BF4B-00C04F79EFBC}") = "Fundamentals", "Fundamentals\Fundamentals.csproj", "{A41E66FE-44EF-4E26-8812-6FAADEAB2ECD}"
EndProject
Project("{FAE04EC0-301F-11D3-BF4B-00C04F79EFBC}") = "Algorithm", "Algorithm\Algorithm.csproj", "{8EED56D8-1A8D-4DB8-958F-650E19FD80F1}"
EndProject
Global
	GlobalSection(SolutionConfigurationPlatforms) = preSolution
		Debug|Any CPU = Debug|Any CPU
		Release|Any CPU = Release|Any CPU
	EndGlobalSection
	GlobalSection(ProjectConfigurationPlatforms) = postSolution
		{A41E66FE-44EF-4E26-8812-6FAADEAB2ECD}.Debug|Any CPU.ActiveCfg = Debug|Any CPU
		{A41E66FE-44EF-4E26-8812-6FAADEAB2ECD}.Debug|Any CPU.Build.0 = Debug|Any CPU
		{A41E66FE-44EF-4E26-8812-6FAADEAB2ECD}.Release|Any CPU.ActiveCfg = Release|Any CPU
		{A41E66FE-44EF-4E26-8812-6FAADEAB2ECD}.Release|Any CPU.Build.0 = Release|Any CPU
		{8EED56D8-1A8D-4DB8-958F-650E19FD80F1}.Debug|Any CPU.ActiveCfg = Debug|Any CPU
		{8EED56D8-1A8D-4DB8-958F-650E19FD80F1}.Debug|Any CPU.Build.0 = Debug|Any CPU
		{8EED56D8-1A8D-4DB8-958F-650E19FD80F1}.Release|Any CPU.ActiveCfg = Release|Any CPU
		{8EED56D8-1A8D-4DB8-958F-650E19FD80F1}.Release|Any CPU.Build.0 = Release|Any CPU
	EndGlobalSection
	GlobalSection(SolutionProperties) = preSolution
		HideSolutionNode = FALSE
	EndGlobalSection
	GlobalSection(ExtensibilityGlobals) = postSolution
		SolutionGuid = {A9D906D4-9611-4C69-A8F2-8FD6D4D1C2C5}
	EndGlobalSection
EndGlobal
